
Microsoft Visual Studio Solution File, Format Version 12.00
# Visual Studio 2012
Project("{FAE04EC0-301F-11D3-BF4B-00C04F79EFBC}") = "TradeApp", "TradeApp\TradeApp.csproj", "{15DF2E56-1AEA-4EA5-89FC-BA3116A2618D}"
EndProject
Global
	GlobalSection(SolutionConfigurationPlatforms) = preSolution
		Debug|Any CPU = Debug|Any CPU
		Release|Any CPU = Release|Any CPU
	EndGlobalSection
	GlobalSection(ProjectConfigurationPlatforms) = postSolution
		{15DF2E56-1AEA-4EA5-89FC-BA3116A2618D}.Debug|Any CPU.ActiveCfg = Debug|Any CPU
		{15DF2E56-1AEA-4EA5-89FC-BA3116A2618D}.Debug|Any CPU.Build.0 = Debug|Any CPU
		{15DF2E56-1AEA-4EA5-89FC-BA3116A2618D}.Release|Any CPU.ActiveCfg = Release|Any CPU
		{15DF2E56-1AEA-4EA5-89FC-BA3116A2618D}.Release|Any CPU.Build.0 = Release|Any CPU
	EndGlobalSection
	GlobalSection(SolutionProperties) = preSolution
		HideSolutionNode = FALSE
	EndGlobalSection
EndGlobal
